
Microsoft Visual Studio Solution File, Format Version 12.00
# Visual Studio Version 16
VisualStudioVersion = 16.0.29209.62
MinimumVisualStudioVersion = 10.0.40219.1
Project("{8BC9CEB8-8B4A-11D0-8D11-00A0C91BC942}") = "EZVIDIA", "EZVIDIA\EZVIDIA.vcxproj", "{1DFB441C-FC5F-4A01-971B-809F225CB1A5}"
EndProject
Global
	GlobalSection(SolutionConfigurationPlatforms) = preSolution
		Debug|x64 = Debug|x64
		Debug|x86 = Debug|x86
		Release|x64 = Release|x64
		Release|x86 = Release|x86
	EndGlobalSection
	GlobalSection(ProjectConfigurationPlatforms) = postSolution
		{1DFB441C-FC5F-4A01-971B-809F225CB1A5}.Debug|x64.ActiveCfg = Debug|x64
		{1DFB441C-FC5F-4A01-971B-809F225CB1A5}.Debug|x64.Build.0 = Debug|x64
		{1DFB441C-FC5F-4A01-971B-809F225CB1A5}.Debug|x86.ActiveCfg = Debug|Win32
		{1DFB441C-FC5F-4A01-971B-809F225CB1A5}.Debug|x86.Build.0 = Debug|Win32
		{1DFB441C-FC5F-4A01-971B-809F225CB1A5}.Release|x64.ActiveCfg = Release|x64
		{1DFB441C-FC5F-4A01-971B-809F225CB1A5}.Release|x64.Build.0 = Release|x64
		{1DFB441C-FC5F-4A01-971B-809F225CB1A5}.Release|x86.ActiveCfg = Release|Win32
		{1DFB441C-FC5F-4A01-971B-809F225CB1A5}.Release|x86.Build.0 = Release|Win32
	EndGlobalSection
	GlobalSection(SolutionProperties) = preSolution
		HideSolutionNode = FALSE
	EndGlobalSection
	GlobalSection(ExtensibilityGlobals) = postSolution
		SolutionGuid = {B51805BC-DA3F-4742-A131-E5F8D7AA6E96}
	EndGlobalSection
EndGlobal
